
Microsoft Visual Studio Solution File, Format Version 12.00
# Visual Studio Version 17
VisualStudioVersion = 17.11.35431.28
MinimumVisualStudioVersion = 10.0.40219.1
Project("{FAE04EC0-301F-11D3-BF4B-00C04F79EFBC}") = "webapp", "webapp\webapp.csproj", "{048EF421-85A7-4117-AB34-31BDFAA8BD75}"
EndProject
Global
	GlobalSection(SolutionConfigurationPlatforms) = preSolution
		Debug|Any CPU = Debug|Any CPU
		Release|Any CPU = Release|Any CPU
	EndGlobalSection
	GlobalSection(ProjectConfigurationPlatforms) = postSolution
		{048EF421-85A7-4117-AB34-31BDFAA8BD75}.Debug|Any CPU.ActiveCfg = Debug|Any CPU
		{048EF421-85A7-4117-AB34-31BDFAA8BD75}.Debug|Any CPU.Build.0 = Debug|Any CPU
		{048EF421-85A7-4117-AB34-31BDFAA8BD75}.Release|Any CPU.ActiveCfg = Release|Any CPU
		{048EF421-85A7-4117-AB34-31BDFAA8BD75}.Release|Any CPU.Build.0 = Release|Any CPU
	EndGlobalSection
	GlobalSection(SolutionProperties) = preSolution
		HideSolutionNode = FALSE
	EndGlobalSection
	GlobalSection(ExtensibilityGlobals) = postSolution
		SolutionGuid = {D0D7A0D0-01D2-44F2-8B49-B6470B03879A}
	EndGlobalSection
EndGlobal
